
Microsoft Visual Studio Solution File, Format Version 12.00
Project("{FAE04EC0-301F-11D3-BF4B-00C04F79EFBC}") = "PortfolioRag.Api", "PortfolioRag.Api\PortfolioRag.Api.csproj", "{5389EE67-99AD-4BC1-A85B-B10468D43C82}"
EndProject
Global
	GlobalSection(SolutionConfigurationPlatforms) = preSolution
		Debug|Any CPU = Debug|Any CPU
		Release|Any CPU = Release|Any CPU
	EndGlobalSection
	GlobalSection(ProjectConfigurationPlatforms) = postSolution
		{5389EE67-99AD-4BC1-A85B-B10468D43C82}.Debug|Any CPU.ActiveCfg = Debug|Any CPU
		{5389EE67-99AD-4BC1-A85B-B10468D43C82}.Debug|Any CPU.Build.0 = Debug|Any CPU
		{5389EE67-99AD-4BC1-A85B-B10468D43C82}.Release|Any CPU.ActiveCfg = Release|Any CPU
		{5389EE67-99AD-4BC1-A85B-B10468D43C82}.Release|Any CPU.Build.0 = Release|Any CPU
	EndGlobalSection
EndGlobal
